
Microsoft Visual Studio Solution File, Format Version 12.00
# Visual Studio Version 17
VisualStudioVersion = 17.0.32014.148
MinimumVisualStudioVersion = 10.0.40219.1
Project("{2150E333-8FDC-42A3-9474-1A3956D46DE8}") = "Services", "Services", "{D33B32EA-0181-409A-B40C-23946161B9C1}"
EndProject
Project("{2150E333-8FDC-42A3-9474-1A3956D46DE8}") = "Catalog", "Catalog", "{79DE2442-D123-45BB-B6D0-2046D4E6A4A2}"
EndProject
Project("{9A19103F-16F7-4668-BE54-9A1E7A4F7556}") = "FreeCourse.Services.Catalog", "Services\Catalog\FreeCourse.Services.Catalog\FreeCourse.Services.Catalog.csproj", "{24E738F3-27EC-494A-8CA4-60C33A207FBA}"
EndProject
Project("{2150E333-8FDC-42A3-9474-1A3956D46DE8}") = "Solution Items", "Solution Items", "{BB2AC7FB-95F5-4114-810C-72F74CA4C79B}"
	ProjectSection(SolutionItems) = preProject
		Ports.txt = Ports.txt
		postgresql.txt = postgresql.txt
	EndProjectSection
EndProject
Project("{2150E333-8FDC-42A3-9474-1A3956D46DE8}") = "Shared", "Shared", "{D4E61DB5-160E-4D47-B40C-B2E5794CABC9}"
EndProject
Project("{9A19103F-16F7-4668-BE54-9A1E7A4F7556}") = "FreeCourse.Shared", "Shared\FreeCourse.Shared\FreeCourse.Shared.csproj", "{BFBCA309-A60B-4E67-99EC-9D3BA715741F}"
EndProject
Project("{2150E333-8FDC-42A3-9474-1A3956D46DE8}") = "IdentityServer", "IdentityServer", "{FEBB6ED3-2B57-4BB4-A4CD-1A12E60A2F1F}"
EndProject
Project("{9A19103F-16F7-4668-BE54-9A1E7A4F7556}") = "FreeCourse.IdentityServer", "IdentityServer\FreeCourse.IdentityServer\FreeCourse.IdentityServer.csproj", "{CAC63BB2-43D5-44EB-A8E3-B656E923FAE8}"
EndProject
Project("{2150E333-8FDC-42A3-9474-1A3956D46DE8}") = "PhotoStock", "PhotoStock", "{F18E854E-AC55-4BD4-9C07-50A71440B5B0}"
EndProject
Project("{FAE04EC0-301F-11D3-BF4B-00C04F79EFBC}") = "FreeCourse.Services.PhotoStock", "Services\PhotoStock\FreeCourse.Services.PhotoStock\FreeCourse.Services.PhotoStock.csproj", "{13272A55-0C48-4F51-8B27-3BCE8901CBBE}"
EndProject
Project("{2150E333-8FDC-42A3-9474-1A3956D46DE8}") = "Basket", "Basket", "{68EE2802-BB1D-44EA-B8A0-2886B9068BD1}"
EndProject
Project("{FAE04EC0-301F-11D3-BF4B-00C04F79EFBC}") = "FreeCourse.Services.Basket", "Services\Basket\FreeCourse.Services.Basket\FreeCourse.Services.Basket.csproj", "{60F31970-A48C-4C0D-8256-D6C82FB15849}"
EndProject
Project("{2150E333-8FDC-42A3-9474-1A3956D46DE8}") = "Discount", "Discount", "{D6BED101-F38B-4E37-8C1B-74C3CCD12AA1}"
EndProject
Project("{FAE04EC0-301F-11D3-BF4B-00C04F79EFBC}") = "FreeCourse.Services.Discount", "Services\Discount\FreeCourse.Services.Discount\FreeCourse.Services.Discount.csproj", "{51FBF670-3C84-4186-AD74-7F5F30F91C89}"
EndProject
Project("{2150E333-8FDC-42A3-9474-1A3956D46DE8}") = "Order", "Order", "{65B23DAB-44F0-48A5-9A8C-F1A1FFA614C5}"
EndProject
Project("{FAE04EC0-301F-11D3-BF4B-00C04F79EFBC}") = "FreeCourse.Services.Order.API", "Services\Order\FreeCourse.Services.Order.API\FreeCourse.Services.Order.API.csproj", "{D111D850-8E91-4E5E-9F5D-DAF29AAB80C0}"
EndProject
Project("{FAE04EC0-301F-11D3-BF4B-00C04F79EFBC}") = "FreeCourse.Services.Order.Application", "Services\Order\FreeCourse.Services.Order.Application\FreeCourse.Services.Order.Application.csproj", "{CA407572-9C3C-4F45-ADDA-B0B10A61AFE6}"
EndProject
Project("{FAE04EC0-301F-11D3-BF4B-00C04F79EFBC}") = "FreeCourse.Services.Order.Domain", "Services\Order\FreeCourse.Services.Order.Domain\FreeCourse.Services.Order.Domain.csproj", "{11450967-ECFB-4AC3-A3D8-B9D351F6CD3E}"
EndProject
Project("{FAE04EC0-301F-11D3-BF4B-00C04F79EFBC}") = "FreeCourse.Services.Order.Core", "Services\Order\FreeCourse.Services.Order.Core\FreeCourse.Services.Order.Core.csproj", "{AFB3289C-51DB-42DC-A6CD-B76B1EBA082B}"
EndProject
Project("{FAE04EC0-301F-11D3-BF4B-00C04F79EFBC}") = "FreeCourse.Services.Order.Infrastructure", "Services\Order\FreeCourse.Services.Order.Infrastructure\FreeCourse.Services.Order.Infrastructure.csproj", "{1471C367-962C-48F1-8071-73A00309DE41}"
EndProject
Global
	GlobalSection(SolutionConfigurationPlatforms) = preSolution
		Debug|Any CPU = Debug|Any CPU
		Release|Any CPU = Release|Any CPU
	EndGlobalSection
	GlobalSection(ProjectConfigurationPlatforms) = postSolution
		{24E738F3-27EC-494A-8CA4-60C33A207FBA}.Debug|Any CPU.ActiveCfg = Debug|Any CPU
		{24E738F3-27EC-494A-8CA4-60C33A207FBA}.Debug|Any CPU.Build.0 = Debug|Any CPU
		{24E738F3-27EC-494A-8CA4-60C33A207FBA}.Release|Any CPU.ActiveCfg = Release|Any CPU
		{24E738F3-27EC-494A-8CA4-60C33A207FBA}.Release|Any CPU.Build.0 = Release|Any CPU
		{BFBCA309-A60B-4E67-99EC-9D3BA715741F}.Debug|Any CPU.ActiveCfg = Debug|Any CPU
		{BFBCA309-A60B-4E67-99EC-9D3BA715741F}.Debug|Any CPU.Build.0 = Debug|Any CPU
		{BFBCA309-A60B-4E67-99EC-9D3BA715741F}.Release|Any CPU.ActiveCfg = Release|Any CPU
		{BFBCA309-A60B-4E67-99EC-9D3BA715741F}.Release|Any CPU.Build.0 = Release|Any CPU
		{CAC63BB2-43D5-44EB-A8E3-B656E923FAE8}.Debug|Any CPU.ActiveCfg = Debug|Any CPU
		{CAC63BB2-43D5-44EB-A8E3-B656E923FAE8}.Debug|Any CPU.Build.0 = Debug|Any CPU
		{CAC63BB2-43D5-44EB-A8E3-B656E923FAE8}.Release|Any CPU.ActiveCfg = Release|Any CPU
		{CAC63BB2-43D5-44EB-A8E3-B656E923FAE8}.Release|Any CPU.Build.0 = Release|Any CPU
		{13272A55-0C48-4F51-8B27-3BCE8901CBBE}.Debug|Any CPU.ActiveCfg = Debug|Any CPU
		{13272A55-0C48-4F51-8B27-3BCE8901CBBE}.Debug|Any CPU.Build.0 = Debug|Any CPU
		{13272A55-0C48-4F51-8B27-3BCE8901CBBE}.Release|Any CPU.ActiveCfg = Release|Any CPU
		{13272A55-0C48-4F51-8B27-3BCE8901CBBE}.Release|Any CPU.Build.0 = Release|Any CPU
		{60F31970-A48C-4C0D-8256-D6C82FB15849}.Debug|Any CPU.ActiveCfg = Debug|Any CPU
		{60F31970-A48C-4C0D-8256-D6C82FB15849}.Debug|Any CPU.Build.0 = Debug|Any CPU
		{60F31970-A48C-4C0D-8256-D6C82FB15849}.Release|Any CPU.ActiveCfg = Release|Any CPU
		{60F31970-A48C-4C0D-8256-D6C82FB15849}.Release|Any CPU.Build.0 = Release|Any CPU
		{51FBF670-3C84-4186-AD74-7F5F30F91C89}.Debug|Any CPU.ActiveCfg = Debug|Any CPU
		{51FBF670-3C84-4186-AD74-7F5F30F91C89}.Debug|Any CPU.Build.0 = Debug|Any CPU
		{51FBF670-3C84-4186-AD74-7F5F30F91C89}.Release|Any CPU.ActiveCfg = Release|Any CPU
		{51FBF670-3C84-4186-AD74-7F5F30F91C89}.Release|Any CPU.Build.0 = Release|Any CPU
		{D111D850-8E91-4E5E-9F5D-DAF29AAB80C0}.Debug|Any CPU.ActiveCfg = Debug|Any CPU
		{D111D850-8E91-4E5E-9F5D-DAF29AAB80C0}.Debug|Any CPU.Build.0 = Debug|Any CPU
		{D111D850-8E91-4E5E-9F5D-DAF29AAB80C0}.Release|Any CPU.ActiveCfg = Release|Any CPU
		{D111D850-8E91-4E5E-9F5D-DAF29AAB80C0}.Release|Any CPU.Build.0 = Release|Any CPU
		{CA407572-9C3C-4F45-ADDA-B0B10A61AFE6}.Debug|Any CPU.ActiveCfg = Debug|Any CPU
		{CA407572-9C3C-4F45-ADDA-B0B10A61AFE6}.Debug|Any CPU.Build.0 = Debug|Any CPU
		{CA407572-9C3C-4F45-ADDA-B0B10A61AFE6}.Release|Any CPU.ActiveCfg = Release|Any CPU
		{CA407572-9C3C-4F45-ADDA-B0B10A61AFE6}.Release|Any CPU.Build.0 = Release|Any CPU
		{11450967-ECFB-4AC3-A3D8-B9D351F6CD3E}.Debug|Any CPU.ActiveCfg = Debug|Any CPU
		{11450967-ECFB-4AC3-A3D8-B9D351F6CD3E}.Debug|Any CPU.Build.0 = Debug|Any CPU
		{11450967-ECFB-4AC3-A3D8-B9D351F6CD3E}.Release|Any CPU.ActiveCfg = Release|Any CPU
		{11450967-ECFB-4AC3-A3D8-B9D351F6CD3E}.Release|Any CPU.Build.0 = Release|Any CPU
		{AFB3289C-51DB-42DC-A6CD-B76B1EBA082B}.Debug|Any CPU.ActiveCfg = Debug|Any CPU
		{AFB3289C-51DB-42DC-A6CD-B76B1EBA082B}.Debug|Any CPU.Build.0 = Debug|Any CPU
		{AFB3289C-51DB-42DC-A6CD-B76B1EBA082B}.Release|Any CPU.ActiveCfg = Release|Any CPU
		{AFB3289C-51DB-42DC-A6CD-B76B1EBA082B}.Release|Any CPU.Build.0 = Release|Any CPU
		{1471C367-962C-48F1-8071-73A00309DE41}.Debug|Any CPU.ActiveCfg = Debug|Any CPU
		{1471C367-962C-48F1-8071-73A00309DE41}.Debug|Any CPU.Build.0 = Debug|Any CPU
		{1471C367-962C-48F1-8071-73A00309DE41}.Release|Any CPU.ActiveCfg = Release|Any CPU
		{1471C367-962C-48F1-8071-73A00309DE41}.Release|Any CPU.Build.0 = Release|Any CPU
	EndGlobalSection
	GlobalSection(SolutionProperties) = preSolution
		HideSolutionNode = FALSE
	EndGlobalSection
	GlobalSection(NestedProjects) = preSolution
		{79DE2442-D123-45BB-B6D0-2046D4E6A4A2} = {D33B32EA-0181-409A-B40C-23946161B9C1}
		{24E738F3-27EC-494A-8CA4-60C33A207FBA} = {79DE2442-D123-45BB-B6D0-2046D4E6A4A2}
		{BFBCA309-A60B-4E67-99EC-9D3BA715741F} = {D4E61DB5-160E-4D47-B40C-B2E5794CABC9}
		{CAC63BB2-43D5-44EB-A8E3-B656E923FAE8} = {FEBB6ED3-2B57-4BB4-A4CD-1A12E60A2F1F}
		{F18E854E-AC55-4BD4-9C07-50A71440B5B0} = {D33B32EA-0181-409A-B40C-23946161B9C1}
		{13272A55-0C48-4F51-8B27-3BCE8901CBBE} = {F18E854E-AC55-4BD4-9C07-50A71440B5B0}
		{68EE2802-BB1D-44EA-B8A0-2886B9068BD1} = {D33B32EA-0181-409A-B40C-23946161B9C1}
		{60F31970-A48C-4C0D-8256-D6C82FB15849} = {68EE2802-BB1D-44EA-B8A0-2886B9068BD1}
		{D6BED101-F38B-4E37-8C1B-74C3CCD12AA1} = {D33B32EA-0181-409A-B40C-23946161B9C1}
		{51FBF670-3C84-4186-AD74-7F5F30F91C89} = {D6BED101-F38B-4E37-8C1B-74C3CCD12AA1}
		{65B23DAB-44F0-48A5-9A8C-F1A1FFA614C5} = {D33B32EA-0181-409A-B40C-23946161B9C1}
		{D111D850-8E91-4E5E-9F5D-DAF29AAB80C0} = {65B23DAB-44F0-48A5-9A8C-F1A1FFA614C5}
		{CA407572-9C3C-4F45-ADDA-B0B10A61AFE6} = {65B23DAB-44F0-48A5-9A8C-F1A1FFA614C5}
		{11450967-ECFB-4AC3-A3D8-B9D351F6CD3E} = {65B23DAB-44F0-48A5-9A8C-F1A1FFA614C5}
		{AFB3289C-51DB-42DC-A6CD-B76B1EBA082B} = {65B23DAB-44F0-48A5-9A8C-F1A1FFA614C5}
		{1471C367-962C-48F1-8071-73A00309DE41} = {65B23DAB-44F0-48A5-9A8C-F1A1FFA614C5}
	EndGlobalSection
	GlobalSection(ExtensibilityGlobals) = postSolution
		SolutionGuid = {4193405C-CD80-4EB6-83BE-A3B4E7E4EC4F}
	EndGlobalSection
EndGlobal
